
Microsoft Visual Studio Solution File, Format Version 12.00
# Visual Studio Version 16
VisualStudioVersion = 16.0.30114.105
MinimumVisualStudioVersion = 10.0.40219.1
Project("{FAE04EC0-301F-11D3-BF4B-00C04F79EFBC}") = "Proeventos.Application", "ProEventos.Application\Proeventos.Application.csproj", "{F3740FC4-3ED3-47FE-B06B-54964DC4FB1E}"
EndProject
Project("{FAE04EC0-301F-11D3-BF4B-00C04F79EFBC}") = "Proeventos.Domain", "ProEventos.Domain\Proeventos.Domain.csproj", "{0348A459-DDC4-4921-BD8E-2B7CCFB5C94E}"
EndProject
Project("{FAE04EC0-301F-11D3-BF4B-00C04F79EFBC}") = "ProEventos.API", "ProEventos.API\ProEventos.API.csproj", "{7A2BB483-C63E-4692-886D-FFE1307EB9AA}"
EndProject
Project("{FAE04EC0-301F-11D3-BF4B-00C04F79EFBC}") = "Proeventos.Persistence", "ProEventos.Persistence\Proeventos.Persistence.csproj", "{908A8B76-0B23-484D-B430-16F31F2C1E07}"
EndProject
Global
	GlobalSection(SolutionConfigurationPlatforms) = preSolution
		Debug|Any CPU = Debug|Any CPU
		Debug|x64 = Debug|x64
		Debug|x86 = Debug|x86
		Release|Any CPU = Release|Any CPU
		Release|x64 = Release|x64
		Release|x86 = Release|x86
	EndGlobalSection
	GlobalSection(SolutionProperties) = preSolution
		HideSolutionNode = FALSE
	EndGlobalSection
	GlobalSection(ProjectConfigurationPlatforms) = postSolution
		{F3740FC4-3ED3-47FE-B06B-54964DC4FB1E}.Debug|Any CPU.ActiveCfg = Debug|Any CPU
		{F3740FC4-3ED3-47FE-B06B-54964DC4FB1E}.Debug|Any CPU.Build.0 = Debug|Any CPU
		{F3740FC4-3ED3-47FE-B06B-54964DC4FB1E}.Debug|x64.ActiveCfg = Debug|Any CPU
		{F3740FC4-3ED3-47FE-B06B-54964DC4FB1E}.Debug|x64.Build.0 = Debug|Any CPU
		{F3740FC4-3ED3-47FE-B06B-54964DC4FB1E}.Debug|x86.ActiveCfg = Debug|Any CPU
		{F3740FC4-3ED3-47FE-B06B-54964DC4FB1E}.Debug|x86.Build.0 = Debug|Any CPU
		{F3740FC4-3ED3-47FE-B06B-54964DC4FB1E}.Release|Any CPU.ActiveCfg = Release|Any CPU
		{F3740FC4-3ED3-47FE-B06B-54964DC4FB1E}.Release|Any CPU.Build.0 = Release|Any CPU
		{F3740FC4-3ED3-47FE-B06B-54964DC4FB1E}.Release|x64.ActiveCfg = Release|Any CPU
		{F3740FC4-3ED3-47FE-B06B-54964DC4FB1E}.Release|x64.Build.0 = Release|Any CPU
		{F3740FC4-3ED3-47FE-B06B-54964DC4FB1E}.Release|x86.ActiveCfg = Release|Any CPU
		{F3740FC4-3ED3-47FE-B06B-54964DC4FB1E}.Release|x86.Build.0 = Release|Any CPU
		{0348A459-DDC4-4921-BD8E-2B7CCFB5C94E}.Debug|Any CPU.ActiveCfg = Debug|Any CPU
		{0348A459-DDC4-4921-BD8E-2B7CCFB5C94E}.Debug|Any CPU.Build.0 = Debug|Any CPU
		{0348A459-DDC4-4921-BD8E-2B7CCFB5C94E}.Debug|x64.ActiveCfg = Debug|Any CPU
		{0348A459-DDC4-4921-BD8E-2B7CCFB5C94E}.Debug|x64.Build.0 = Debug|Any CPU
		{0348A459-DDC4-4921-BD8E-2B7CCFB5C94E}.Debug|x86.ActiveCfg = Debug|Any CPU
		{0348A459-DDC4-4921-BD8E-2B7CCFB5C94E}.Debug|x86.Build.0 = Debug|Any CPU
		{0348A459-DDC4-4921-BD8E-2B7CCFB5C94E}.Release|Any CPU.ActiveCfg = Release|Any CPU
		{0348A459-DDC4-4921-BD8E-2B7CCFB5C94E}.Release|Any CPU.Build.0 = Release|Any CPU
		{0348A459-DDC4-4921-BD8E-2B7CCFB5C94E}.Release|x64.ActiveCfg = Release|Any CPU
		{0348A459-DDC4-4921-BD8E-2B7CCFB5C94E}.Release|x64.Build.0 = Release|Any CPU
		{0348A459-DDC4-4921-BD8E-2B7CCFB5C94E}.Release|x86.ActiveCfg = Release|Any CPU
		{0348A459-DDC4-4921-BD8E-2B7CCFB5C94E}.Release|x86.Build.0 = Release|Any CPU
		{7A2BB483-C63E-4692-886D-FFE1307EB9AA}.Debug|Any CPU.ActiveCfg = Debug|Any CPU
		{7A2BB483-C63E-4692-886D-FFE1307EB9AA}.Debug|Any CPU.Build.0 = Debug|Any CPU
		{7A2BB483-C63E-4692-886D-FFE1307EB9AA}.Debug|x64.ActiveCfg = Debug|Any CPU
		{7A2BB483-C63E-4692-886D-FFE1307EB9AA}.Debug|x64.Build.0 = Debug|Any CPU
		{7A2BB483-C63E-4692-886D-FFE1307EB9AA}.Debug|x86.ActiveCfg = Debug|Any CPU
		{7A2BB483-C63E-4692-886D-FFE1307EB9AA}.Debug|x86.Build.0 = Debug|Any CPU
		{7A2BB483-C63E-4692-886D-FFE1307EB9AA}.Release|Any CPU.ActiveCfg = Release|Any CPU
		{7A2BB483-C63E-4692-886D-FFE1307EB9AA}.Release|Any CPU.Build.0 = Release|Any CPU
		{7A2BB483-C63E-4692-886D-FFE1307EB9AA}.Release|x64.ActiveCfg = Release|Any CPU
		{7A2BB483-C63E-4692-886D-FFE1307EB9AA}.Release|x64.Build.0 = Release|Any CPU
		{7A2BB483-C63E-4692-886D-FFE1307EB9AA}.Release|x86.ActiveCfg = Release|Any CPU
		{7A2BB483-C63E-4692-886D-FFE1307EB9AA}.Release|x86.Build.0 = Release|Any CPU
		{908A8B76-0B23-484D-B430-16F31F2C1E07}.Debug|Any CPU.ActiveCfg = Debug|Any CPU
		{908A8B76-0B23-484D-B430-16F31F2C1E07}.Debug|Any CPU.Build.0 = Debug|Any CPU
		{908A8B76-0B23-484D-B430-16F31F2C1E07}.Debug|x64.ActiveCfg = Debug|Any CPU
		{908A8B76-0B23-484D-B430-16F31F2C1E07}.Debug|x64.Build.0 = Debug|Any CPU
		{908A8B76-0B23-484D-B430-16F31F2C1E07}.Debug|x86.ActiveCfg = Debug|Any CPU
		{908A8B76-0B23-484D-B430-16F31F2C1E07}.Debug|x86.Build.0 = Debug|Any CPU
		{908A8B76-0B23-484D-B430-16F31F2C1E07}.Release|Any CPU.ActiveCfg = Release|Any CPU
		{908A8B76-0B23-484D-B430-16F31F2C1E07}.Release|Any CPU.Build.0 = Release|Any CPU
		{908A8B76-0B23-484D-B430-16F31F2C1E07}.Release|x64.ActiveCfg = Release|Any CPU
		{908A8B76-0B23-484D-B430-16F31F2C1E07}.Release|x64.Build.0 = Release|Any CPU
		{908A8B76-0B23-484D-B430-16F31F2C1E07}.Release|x86.ActiveCfg = Release|Any CPU
		{908A8B76-0B23-484D-B430-16F31F2C1E07}.Release|x86.Build.0 = Release|Any CPU
	EndGlobalSection
EndGlobal
